{
  "pins" : [
    {
      "identity" : "grdb.swift",
      "kind" : "sourceControl",
      "location" : "https://github.com/groue/GRDB.swift.git",
      "state" : {
        "revision" : "aa0079aeb82a4bf00324561a40bffe68c6fe1c26",
        "version" : "6.27.0"
      }
    },
    {
      "identity" : "posthog-ios",
      "kind" : "sourceControl",
      "location" : "https://github.com/PostHog/posthog-ios.git",
      "state" : {
        "revision" : "1ba3e8636d4f1ad9f18f5a4273e88d39a162466b",
        "version" : "3.6.2"
      }
    }
  ],
  "version" : 2
}
